
Microsoft Visual Studio Solution File, Format Version 12.00
# Visual Studio Version 17
VisualStudioVersion = 17.8.34511.84
MinimumVisualStudioVersion = 10.0.40219.1
Project("{FAE04EC0-301F-11D3-BF4B-00C04F79EFBC}") = "CchavezStaticClassDemo", "CchavezStaticClassDemo\CchavezStaticClassDemo.csproj", "{5E6A0588-6BF8-4416-BDE0-9C7BAD833DB3}"
EndProject
Global
	GlobalSection(SolutionConfigurationPlatforms) = preSolution
		Debug|Any CPU = Debug|Any CPU
		Release|Any CPU = Release|Any CPU
	EndGlobalSection
	GlobalSection(ProjectConfigurationPlatforms) = postSolution
		{5E6A0588-6BF8-4416-BDE0-9C7BAD833DB3}.Debug|Any CPU.ActiveCfg = Debug|Any CPU
		{5E6A0588-6BF8-4416-BDE0-9C7BAD833DB3}.Debug|Any CPU.Build.0 = Debug|Any CPU
		{5E6A0588-6BF8-4416-BDE0-9C7BAD833DB3}.Release|Any CPU.ActiveCfg = Release|Any CPU
		{5E6A0588-6BF8-4416-BDE0-9C7BAD833DB3}.Release|Any CPU.Build.0 = Release|Any CPU
	EndGlobalSection
	GlobalSection(SolutionProperties) = preSolution
		HideSolutionNode = FALSE
	EndGlobalSection
	GlobalSection(ExtensibilityGlobals) = postSolution
		SolutionGuid = {07AFF3F6-68F5-4F7B-BFE1-826E1EEB0B99}
	EndGlobalSection
EndGlobal
